
Microsoft Visual Studio Solution File, Format Version 12.00
# Visual Studio Version 17
VisualStudioVersion = 17.4.33103.184
MinimumVisualStudioVersion = 10.0.40219.1
Project("{9A19103F-16F7-4668-BE54-9A1E7A4F7556}") = "DataEntryForm", "DataEntryForm.csproj", "{80BC2FD9-3A7D-4EC8-A351-3F930AE989F5}"
EndProject
Global
	GlobalSection(SolutionConfigurationPlatforms) = preSolution
		Debug|Any CPU = Debug|Any CPU
		Release|Any CPU = Release|Any CPU
	EndGlobalSection
	GlobalSection(ProjectConfigurationPlatforms) = postSolution
		{80BC2FD9-3A7D-4EC8-A351-3F930AE989F5}.Debug|Any CPU.ActiveCfg = Debug|Any CPU
		{80BC2FD9-3A7D-4EC8-A351-3F930AE989F5}.Debug|Any CPU.Build.0 = Debug|Any CPU
		{80BC2FD9-3A7D-4EC8-A351-3F930AE989F5}.Release|Any CPU.ActiveCfg = Release|Any CPU
		{80BC2FD9-3A7D-4EC8-A351-3F930AE989F5}.Release|Any CPU.Build.0 = Release|Any CPU
		{013F6240-024C-4FEF-B683-0127128E7065}.Debug|Any CPU.ActiveCfg = Debug|Any CPU
		{013F6240-024C-4FEF-B683-0127128E7065}.Debug|Any CPU.Build.0 = Debug|Any CPU
		{013F6240-024C-4FEF-B683-0127128E7065}.Release|Any CPU.ActiveCfg = Release|Any CPU
		{013F6240-024C-4FEF-B683-0127128E7065}.Release|Any CPU.Build.0 = Release|Any CPU
	EndGlobalSection
	GlobalSection(SolutionProperties) = preSolution
		HideSolutionNode = FALSE
	EndGlobalSection
	GlobalSection(ExtensibilityGlobals) = postSolution
		SolutionGuid = {D887FAA8-1A48-4B79-8CCE-A1D3EC5807D2}
	EndGlobalSection
EndGlobal
